{
  "name": "mrs_anbuteam",
  "requires": true,
  "lockfileVersion": 1,
  "dependencies": {
    "almond": {
      "version": "0.3.3",
      "resolved": "https://registry.npmjs.org/almond/-/almond-0.3.3.tgz",
      "integrity": "sha1-oOfJWsdiTWQXtElLHmi/9pMWiiA="
    },
    "bootstrap": {
      "version": "3.3.7",
      "resolved": "https://registry.npmjs.org/bootstrap/-/bootstrap-3.3.7.tgz",
      "integrity": "sha1-WjiTlFSfIzMIdaOxUGVldPip63E="
    },
    "jquery": {
      "version": "1.12.4",
      "resolved": "https://registry.npmjs.org/jquery/-/jquery-1.12.4.tgz",
      "integrity": "sha1-AeHfuikP5z3rp3zurLD5ui/sngw="
    },
    "jquery-mousewheel": {
      "version": "3.1.13",
      "resolved": "https://registry.npmjs.org/jquery-mousewheel/-/jquery-mousewheel-3.1.13.tgz",
      "integrity": "sha1-BvAzXxbjU6aV5yBr9QUDy1I6buU="
    },
    "propellerkit": {
      "version": "1.1.0",
      "resolved": "https://registry.npmjs.org/propellerkit/-/propellerkit-1.1.0.tgz",
      "integrity": "sha1-3IbFjatJS1Tbn+Dkoi91IGoTkJ0=",
      "requires": {
        "bootstrap": "3.3.7",
        "jquery": "1.12.4"
      }
    },
    "propellerkit-select2": {
      "version": "1.1.0",
      "resolved": "https://registry.npmjs.org/propellerkit-select2/-/propellerkit-select2-1.1.0.tgz",
      "integrity": "sha1-LiMF/G4UtrVWOwF4hAmN8AP3K9E=",
      "requires": {
        "propellerkit": "1.1.0",
        "select2": "4.0.5",
        "select2-bootstrap-theme": "0.1.0-beta.10"
      }
    },
    "select2": {
      "version": "4.0.5",
      "resolved": "https://registry.npmjs.org/select2/-/select2-4.0.5.tgz",
      "integrity": "sha1-eqxQaSVhmFs007guxV4ib4lg1Ao=",
      "requires": {
        "almond": "0.3.3",
        "jquery-mousewheel": "3.1.13"
      }
    },
    "select2-bootstrap-theme": {
      "version": "0.1.0-beta.10",
      "resolved": "https://registry.npmjs.org/select2-bootstrap-theme/-/select2-bootstrap-theme-0.1.0-beta.10.tgz",
      "integrity": "sha1-uUJuz8A79KI152oTI3dXQxBGmsA="
    }
  }
}
