{
  "name": "mrs_anbuteam",
  "requires": true,
  "lockfileVersion": 1,
  "dependencies": {
    "almond": {
      "version": "0.3.3",
      "resolved": "https://registry.npmjs.org/almond/-/almond-0.3.3.tgz",
      "integrity": "sha1-oOfJWsdiTWQXtElLHmi/9pMWiiA="
    },
    "bootstrap": {
      "version": "3.4.1",
      "resolved": "https://registry.npmjs.org/bootstrap/-/bootstrap-3.4.1.tgz",
      "integrity": "sha1-WjiTlFSfIzMIdaOxUGVldPip63E="
    },
    "jquery": {
      "version": "3.3.1",
      "resolved": "https://registry.npmjs.org/jquery/-/jquery-3.3.1.tgz",
      "integrity": "sha512-Ubldcmxp5np52/ENotGxlLe6aGMvmF4R8S6tZjsP6Knsaxd/xp3Zrh50cG93lR6nPXyUFwzN3ZSOQI0wRJNdGg=="
    },
    "jquery-mousewheel": {
      "version": "3.1.13",
      "resolved": "https://registry.npmjs.org/jquery-mousewheel/-/jquery-mousewheel-3.1.13.tgz",
      "integrity": "sha1-BvAzXxbjU6aV5yBr9QUDy1I6buU="
    },
    "propellerkit": {
      "version": "1.1.0",
      "resolved": "https://registry.npmjs.org/propellerkit/-/propellerkit-1.1.0.tgz",
      "integrity": "sha1-3IbFjatJS1Tbn+Dkoi91IGoTkJ0=",
      "requires": {
        "bootstrap": "^3.0.0",
        "jquery": "^1.9.0"
      },
      "dependencies": {
        "jquery": {
          "version": "1.12.4",
          "resolved": "https://registry.npmjs.org/jquery/-/jquery-1.12.4.tgz",
          "integrity": "sha1-AeHfuikP5z3rp3zurLD5ui/sngw="
        }
      }
    },
    "propellerkit-select2": {
      "version": "1.1.0",
      "resolved": "https://registry.npmjs.org/propellerkit-select2/-/propellerkit-select2-1.1.0.tgz",
      "integrity": "sha1-LiMF/G4UtrVWOwF4hAmN8AP3K9E=",
      "requires": {
        "propellerkit": "*.*.*",
        "select2": "^4.0.2",
        "select2-bootstrap-theme": "^0.1.0-beta.4"
      }
    },
    "select2": {
      "version": "4.0.5",
      "resolved": "https://registry.npmjs.org/select2/-/select2-4.0.5.tgz",
      "integrity": "sha1-eqxQaSVhmFs007guxV4ib4lg1Ao=",
      "requires": {
        "almond": "~0.3.1",
        "jquery-mousewheel": "~3.1.13"
      }
    },
    "select2-bootstrap-theme": {
      "version": "0.1.0-beta.10",
      "resolved": "https://registry.npmjs.org/select2-bootstrap-theme/-/select2-bootstrap-theme-0.1.0-beta.10.tgz",
      "integrity": "sha1-uUJuz8A79KI152oTI3dXQxBGmsA="
    }
  }
}
